
Microsoft Visual Studio Solution File, Format Version 12.00
# Visual Studio Version 16
VisualStudioVersion = 16.0.32901.82
MinimumVisualStudioVersion = 10.0.40219.1
Project("{F14B399A-7131-4C87-9E4B-1186C45EF12D}") = "Report Project", "Report Project.rptproj", "{03272C7E-D940-4FA3-A99F-0C5321DACD40}"
EndProject
Global
	GlobalSection(SolutionConfigurationPlatforms) = preSolution
		Debug|Default = Debug|Default
		DebugLocal|Default = DebugLocal|Default
		Release|Default = Release|Default
	EndGlobalSection
	GlobalSection(ProjectConfigurationPlatforms) = postSolution
		{03272C7E-D940-4FA3-A99F-0C5321DACD40}.Debug|Default.ActiveCfg = Debug
		{03272C7E-D940-4FA3-A99F-0C5321DACD40}.Debug|Default.Build.0 = Debug
		{03272C7E-D940-4FA3-A99F-0C5321DACD40}.Debug|Default.Deploy.0 = Debug
		{03272C7E-D940-4FA3-A99F-0C5321DACD40}.DebugLocal|Default.ActiveCfg = DebugLocal
		{03272C7E-D940-4FA3-A99F-0C5321DACD40}.DebugLocal|Default.Build.0 = DebugLocal
		{03272C7E-D940-4FA3-A99F-0C5321DACD40}.Release|Default.ActiveCfg = Release
		{03272C7E-D940-4FA3-A99F-0C5321DACD40}.Release|Default.Build.0 = Release
		{03272C7E-D940-4FA3-A99F-0C5321DACD40}.Release|Default.Deploy.0 = Release
	EndGlobalSection
	GlobalSection(SolutionProperties) = preSolution
		HideSolutionNode = FALSE
	EndGlobalSection
	GlobalSection(ExtensibilityGlobals) = postSolution
		SolutionGuid = {74BAE48E-F9F6-4FCF-908D-F5BCE8E555D7}
	EndGlobalSection
EndGlobal
